
Microsoft Visual Studio Solution File, Format Version 12.00
# Visual Studio Version 16
VisualStudioVersion = 16.0.31205.134
MinimumVisualStudioVersion = 10.0.40219.1
Project("{FAE04EC0-301F-11D3-BF4B-00C04F79EFBC}") = "CSharpSOLIDPrinciples", "CSharpSOLIDPrinciples\CSharpSOLIDPrinciples.csproj", "{B03F2F8B-7172-4AD0-B506-4F90A910685D}"
EndProject
Global
	GlobalSection(SolutionConfigurationPlatforms) = preSolution
		Debug|Any CPU = Debug|Any CPU
		Release|Any CPU = Release|Any CPU
	EndGlobalSection
	GlobalSection(ProjectConfigurationPlatforms) = postSolution
		{B03F2F8B-7172-4AD0-B506-4F90A910685D}.Debug|Any CPU.ActiveCfg = Debug|Any CPU
		{B03F2F8B-7172-4AD0-B506-4F90A910685D}.Debug|Any CPU.Build.0 = Debug|Any CPU
		{B03F2F8B-7172-4AD0-B506-4F90A910685D}.Release|Any CPU.ActiveCfg = Release|Any CPU
		{B03F2F8B-7172-4AD0-B506-4F90A910685D}.Release|Any CPU.Build.0 = Release|Any CPU
	EndGlobalSection
	GlobalSection(SolutionProperties) = preSolution
		HideSolutionNode = FALSE
	EndGlobalSection
	GlobalSection(ExtensibilityGlobals) = postSolution
		SolutionGuid = {50AA52E9-0D05-4E49-AAE0-0C4841AA9AC3}
	EndGlobalSection
EndGlobal
